
Microsoft Visual Studio Solution File, Format Version 12.00
# Visual Studio Version 16
VisualStudioVersion = 16.0.31005.135
MinimumVisualStudioVersion = 10.0.40219.1
Project("{FAE04EC0-301F-11D3-BF4B-00C04F79EFBC}") = "Apli_Producto", "Apli_Producto\Apli_Producto.csproj", "{B88CDE58-A750-4BD2-88D9-A3BDACDF7E77}"
EndProject
Global
	GlobalSection(SolutionConfigurationPlatforms) = preSolution
		Debug|Any CPU = Debug|Any CPU
		Release|Any CPU = Release|Any CPU
	EndGlobalSection
	GlobalSection(ProjectConfigurationPlatforms) = postSolution
		{B88CDE58-A750-4BD2-88D9-A3BDACDF7E77}.Debug|Any CPU.ActiveCfg = Debug|Any CPU
		{B88CDE58-A750-4BD2-88D9-A3BDACDF7E77}.Debug|Any CPU.Build.0 = Debug|Any CPU
		{B88CDE58-A750-4BD2-88D9-A3BDACDF7E77}.Release|Any CPU.ActiveCfg = Release|Any CPU
		{B88CDE58-A750-4BD2-88D9-A3BDACDF7E77}.Release|Any CPU.Build.0 = Release|Any CPU
	EndGlobalSection
	GlobalSection(SolutionProperties) = preSolution
		HideSolutionNode = FALSE
	EndGlobalSection
	GlobalSection(ExtensibilityGlobals) = postSolution
		SolutionGuid = {DAF33821-3491-47D2-9213-385CAF76FB93}
	EndGlobalSection
EndGlobal
